
Microsoft Visual Studio Solution File, Format Version 12.00
# Visual Studio Version 17
VisualStudioVersion = 17.2.32630.192
MinimumVisualStudioVersion = 10.0.40219.1
Project("{FAE04EC0-301F-11D3-BF4B-00C04F79EFBC}") = "Fluid Agency", "Fluid Agency\Fluid Agency.csproj", "{1C63B1B8-1695-40C0-8265-EE22B8910EAF}"
EndProject
Global
	GlobalSection(SolutionConfigurationPlatforms) = preSolution
		Debug|Any CPU = Debug|Any CPU
		Release|Any CPU = Release|Any CPU
	EndGlobalSection
	GlobalSection(ProjectConfigurationPlatforms) = postSolution
		{1C63B1B8-1695-40C0-8265-EE22B8910EAF}.Debug|Any CPU.ActiveCfg = Debug|Any CPU
		{1C63B1B8-1695-40C0-8265-EE22B8910EAF}.Debug|Any CPU.Build.0 = Debug|Any CPU
		{1C63B1B8-1695-40C0-8265-EE22B8910EAF}.Release|Any CPU.ActiveCfg = Release|Any CPU
		{1C63B1B8-1695-40C0-8265-EE22B8910EAF}.Release|Any CPU.Build.0 = Release|Any CPU
	EndGlobalSection
	GlobalSection(SolutionProperties) = preSolution
		HideSolutionNode = FALSE
	EndGlobalSection
	GlobalSection(ExtensibilityGlobals) = postSolution
		SolutionGuid = {8D18EFDC-C0E0-4666-BCF3-A633CDF3DA2E}
	EndGlobalSection
EndGlobal
